
Microsoft Visual Studio Solution File, Format Version 12.00
# Visual Studio 15
VisualStudioVersion = 15.0.27130.2036
MinimumVisualStudioVersion = 10.0.40219.1
Project("{2150E333-8FDC-42A3-9474-1A3956D46DE8}") = "PL", "PL", "{2541B530-C65A-49E3-BC95-1CB6E954EEF2}"
EndProject
Project("{FAE04EC0-301F-11D3-BF4B-00C04F79EFBC}") = "PL", "PL\PL.csproj", "{5461144C-59A1-40F9-9CC2-04A5D281541C}"
EndProject
Project("{2150E333-8FDC-42A3-9474-1A3956D46DE8}") = "BLL", "BLL", "{AB35F3BB-10B2-4FA6-BEE9-7DD17627F0F3}"
EndProject
Project("{FAE04EC0-301F-11D3-BF4B-00C04F79EFBC}") = "BL", "BL\BL.csproj", "{D2645A7F-3665-4F0D-85CF-5E89794242D6}"
EndProject
Project("{2150E333-8FDC-42A3-9474-1A3956D46DE8}") = "DAL", "DAL", "{79812158-7D0A-4824-BAF5-2CD151818A5A}"
EndProject
Project("{FAE04EC0-301F-11D3-BF4B-00C04F79EFBC}") = "DAL", "DAL\DAL.csproj", "{024EB3E8-D538-4F6F-A537-D7A2AF475945}"
EndProject
Project("{2150E333-8FDC-42A3-9474-1A3956D46DE8}") = "COMMON", "COMMON", "{247C35CB-7DC9-4B17-9586-9B90F93C6C5A}"
EndProject
Project("{FAE04EC0-301F-11D3-BF4B-00C04F79EFBC}") = "Entities", "Entities\Entities.csproj", "{525A059B-E92C-4EE1-AAB5-9C37C2357F83}"
EndProject
Project("{FAE04EC0-301F-11D3-BF4B-00C04F79EFBC}") = "DAL_Interface", "DAL_Interface\DAL_Interface.csproj", "{EF7C0A92-23C7-46DB-B644-4E0DB1D55F0C}"
EndProject
Project("{FAE04EC0-301F-11D3-BF4B-00C04F79EFBC}") = "BL_Interface", "BL_Interface\BL_Interface.csproj", "{7D9C9B66-825F-415D-82D4-16F5A9A7541D}"
EndProject
Global
	GlobalSection(SolutionConfigurationPlatforms) = preSolution
		Debug|Any CPU = Debug|Any CPU
		Release|Any CPU = Release|Any CPU
	EndGlobalSection
	GlobalSection(ProjectConfigurationPlatforms) = postSolution
		{5461144C-59A1-40F9-9CC2-04A5D281541C}.Debug|Any CPU.ActiveCfg = Debug|Any CPU
		{5461144C-59A1-40F9-9CC2-04A5D281541C}.Debug|Any CPU.Build.0 = Debug|Any CPU
		{5461144C-59A1-40F9-9CC2-04A5D281541C}.Release|Any CPU.ActiveCfg = Release|Any CPU
		{5461144C-59A1-40F9-9CC2-04A5D281541C}.Release|Any CPU.Build.0 = Release|Any CPU
		{D2645A7F-3665-4F0D-85CF-5E89794242D6}.Debug|Any CPU.ActiveCfg = Debug|Any CPU
		{D2645A7F-3665-4F0D-85CF-5E89794242D6}.Debug|Any CPU.Build.0 = Debug|Any CPU
		{D2645A7F-3665-4F0D-85CF-5E89794242D6}.Release|Any CPU.ActiveCfg = Release|Any CPU
		{D2645A7F-3665-4F0D-85CF-5E89794242D6}.Release|Any CPU.Build.0 = Release|Any CPU
		{024EB3E8-D538-4F6F-A537-D7A2AF475945}.Debug|Any CPU.ActiveCfg = Debug|Any CPU
		{024EB3E8-D538-4F6F-A537-D7A2AF475945}.Debug|Any CPU.Build.0 = Debug|Any CPU
		{024EB3E8-D538-4F6F-A537-D7A2AF475945}.Release|Any CPU.ActiveCfg = Release|Any CPU
		{024EB3E8-D538-4F6F-A537-D7A2AF475945}.Release|Any CPU.Build.0 = Release|Any CPU
		{525A059B-E92C-4EE1-AAB5-9C37C2357F83}.Debug|Any CPU.ActiveCfg = Debug|Any CPU
		{525A059B-E92C-4EE1-AAB5-9C37C2357F83}.Debug|Any CPU.Build.0 = Debug|Any CPU
		{525A059B-E92C-4EE1-AAB5-9C37C2357F83}.Release|Any CPU.ActiveCfg = Release|Any CPU
		{525A059B-E92C-4EE1-AAB5-9C37C2357F83}.Release|Any CPU.Build.0 = Release|Any CPU
		{EF7C0A92-23C7-46DB-B644-4E0DB1D55F0C}.Debug|Any CPU.ActiveCfg = Debug|Any CPU
		{EF7C0A92-23C7-46DB-B644-4E0DB1D55F0C}.Debug|Any CPU.Build.0 = Debug|Any CPU
		{EF7C0A92-23C7-46DB-B644-4E0DB1D55F0C}.Release|Any CPU.ActiveCfg = Release|Any CPU
		{EF7C0A92-23C7-46DB-B644-4E0DB1D55F0C}.Release|Any CPU.Build.0 = Release|Any CPU
		{7D9C9B66-825F-415D-82D4-16F5A9A7541D}.Debug|Any CPU.ActiveCfg = Debug|Any CPU
		{7D9C9B66-825F-415D-82D4-16F5A9A7541D}.Debug|Any CPU.Build.0 = Debug|Any CPU
		{7D9C9B66-825F-415D-82D4-16F5A9A7541D}.Release|Any CPU.ActiveCfg = Release|Any CPU
		{7D9C9B66-825F-415D-82D4-16F5A9A7541D}.Release|Any CPU.Build.0 = Release|Any CPU
	EndGlobalSection
	GlobalSection(SolutionProperties) = preSolution
		HideSolutionNode = FALSE
	EndGlobalSection
	GlobalSection(NestedProjects) = preSolution
		{5461144C-59A1-40F9-9CC2-04A5D281541C} = {2541B530-C65A-49E3-BC95-1CB6E954EEF2}
		{D2645A7F-3665-4F0D-85CF-5E89794242D6} = {AB35F3BB-10B2-4FA6-BEE9-7DD17627F0F3}
		{024EB3E8-D538-4F6F-A537-D7A2AF475945} = {79812158-7D0A-4824-BAF5-2CD151818A5A}
		{525A059B-E92C-4EE1-AAB5-9C37C2357F83} = {247C35CB-7DC9-4B17-9586-9B90F93C6C5A}
		{EF7C0A92-23C7-46DB-B644-4E0DB1D55F0C} = {79812158-7D0A-4824-BAF5-2CD151818A5A}
		{7D9C9B66-825F-415D-82D4-16F5A9A7541D} = {AB35F3BB-10B2-4FA6-BEE9-7DD17627F0F3}
	EndGlobalSection
	GlobalSection(ExtensibilityGlobals) = postSolution
		SolutionGuid = {F5E7C2D6-CA02-4AAE-9282-C0FC427D89D9}
	EndGlobalSection
EndGlobal
